[[package]]
name = "spectre_access_control_v1.aleo"
location = "local"
path = "/Users/ridewindx/Code/aleo/spectre/packages/leo/spectre_v1/access_control"
checksum = "84092e7354f99fa54b97fb957951ad346919b8581fb12e959e268ffa8d987b13"
dependencies = []

[[package]]
name = "spectre_acl_manager_v1.aleo"
location = "local"
path = "/Users/ridewindx/Code/aleo/spectre/packages/leo/spectre_v1/acl_manager"
checksum = "8d600800ce7edf79fbef63664c93077a1d2a88fe5e57c6d7b4f0b5ff324404a7"
dependencies = ["spectre_access_control_v1.aleo"]

[[package]]
name = "spectre_treasury_v1.aleo"
location = "local"
path = "/Users/ridewindx/Code/aleo/spectre/packages/leo/spectre_v1/treasury"
checksum = "3af41e25e9f9caed14e7cd40e136b6552641b592794b0c34bafd5539297e45d7"
dependencies = []
