[[package]]
name = "spectre_access_control_v1.aleo"
location = "local"
path = "/Users/ridewindx/Code/aleo/spectre/packages/leo/spectre_v1/access_control"
checksum = "d13e448aa338b3434b6ce1c547b7ec0bb15c61942312535ad757a706893d3def"
dependencies = []

[[package]]
name = "spectre_treasury_v1.aleo"
location = "local"
path = "/Users/ridewindx/Code/aleo/spectre/packages/leo/spectre_v1/treasury"
checksum = "3af41e25e9f9caed14e7cd40e136b6552641b592794b0c34bafd5539297e45d7"
dependencies = []
